
Microsoft Visual Studio Solution File, Format Version 12.00
# Visual Studio Version 17
VisualStudioVersion = 17.2.32526.322
MinimumVisualStudioVersion = 10.0.40219.1
Project("{FAE04EC0-301F-11D3-BF4B-00C04F79EFBC}") = "eirene", "eirene\eirene.csproj", "{D0C87709-EF1B-4271-81D3-60B96B3319A2}"
EndProject
Global
	GlobalSection(SolutionConfigurationPlatforms) = preSolution
		Debug|Any CPU = Debug|Any CPU
		Release|Any CPU = Release|Any CPU
	EndGlobalSection
	GlobalSection(ProjectConfigurationPlatforms) = postSolution
		{D0C87709-EF1B-4271-81D3-60B96B3319A2}.Debug|Any CPU.ActiveCfg = Debug|Any CPU
		{D0C87709-EF1B-4271-81D3-60B96B3319A2}.Debug|Any CPU.Build.0 = Debug|Any CPU
		{D0C87709-EF1B-4271-81D3-60B96B3319A2}.Release|Any CPU.ActiveCfg = Release|Any CPU
		{D0C87709-EF1B-4271-81D3-60B96B3319A2}.Release|Any CPU.Build.0 = Release|Any CPU
	EndGlobalSection
	GlobalSection(SolutionProperties) = preSolution
		HideSolutionNode = FALSE
	EndGlobalSection
	GlobalSection(ExtensibilityGlobals) = postSolution
		SolutionGuid = {86A2ACFC-6BC7-4DA2-BE4B-DA5D353A838E}
	EndGlobalSection
EndGlobal
